// !$*UTF8*$!
{
	archiveVersion = 1;
	classes = {
	};
	objectVersion = 46;
	objects = {

/* Begin PBXBuildFile section */
		766E59BE1BFA1D68009AC390 /* AppDelegate.swift in Sources */ = {isa = PBXBuildFile; fileRef = 766E59BD1BFA1D68009AC390 /* AppDelegate.swift */; };
		766E59C01BFA1D68009AC390 /* ViewController.swift in Sources */ = {isa = PBXBuildFile; fileRef = 766E59BF1BFA1D68009AC390 /* ViewController.swift */; };
		766E59C31BFA1D68009AC390 /* Main.storyboard in Resources */ = {isa = PBXBuildFile; fileRef = 766E59C11BFA1D68009AC390 /* Main.storyboard */; };
		766E59C51BFA1D68009AC390 /* Assets.xcassets in Resources */ = {isa = PBXBuildFile; fileRef = 766E59C41BFA1D68009AC390 /* Assets.xcassets */; };
		766E59C81BFA1D68009AC390 /* LaunchScreen.storyboard in Resources */ = {isa = PBXBuildFile; fileRef = 766E59C61BFA1D68009AC390 /* LaunchScreen.storyboard */; };
		766E59D31BFA1D68009AC390 /* Web_BrowserTests.swift in Sources */ = {isa = PBXBuildFile; fileRef = 766E59D21BFA1D68009AC390 /* Web_BrowserTests.swift */; };
		766E59DE1BFA1D68009AC390 /* Web_BrowserUITests.swift in Sources */ = {isa = PBXBuildFile; fileRef = 766E59DD1BFA1D68009AC390 /* Web_BrowserUITests.swift */; };
/* End PBXBuildFile section */

/* Begin PBXContainerItemProxy section */
		766E59CF1BFA1D68009AC390 /* PBXContainerItemProxy */ = {
			isa = PBXContainerItemProxy;
			containerPortal = 766E59B21BFA1D68009AC390 /* Project object */;
			proxyType = 1;
			remoteGlobalIDString = 766E59B91BFA1D68009AC390;
			remoteInfo = "Web Browser";
		};
		766E59DA1BFA1D68009AC390 /* PBXContainerItemProxy */ = {
			isa = PBXContainerItemProxy;
			containerPortal = 766E59B21BFA1D68009AC390 /* Project object */;
			proxyType = 1;
			remoteGlobalIDString = 766E59B91BFA1D68009AC390;
			remoteInfo = "Web Browser";
		};
/* End PBXContainerItemProxy section */

/* Begin PBXFileReference section */
		766E59BA1BFA1D68009AC390 /* Web Browser.app */ = {isa = PBXFileReference; explicitFileType = wrapper.application; includeInIndex = 0; path = "Web Browser.app"; sourceTree = BUILT_PRODUCTS_DIR; };
		766E59BD1BFA1D68009AC390 /* AppDelegate.swift */ = {isa = PBXFileReference; lastKnownFileType = sourcecode.swift; path = AppDelegate.swift; sourceTree = "<group>"; };
		766E59BF1BFA1D68009AC390 /* ViewController.swift */ = {isa = PBXFileReference; lastKnownFileType = sourcecode.swift; path = ViewController.swift; sourceTree = "<group>"; };
		766E59C21BFA1D68009AC390 /* Base */ = {isa = PBXFileReference; lastKnownFileType = file.storyboard; name = Base; path = Base.lproj/Main.storyboard; sourceTree = "<group>"; };
		766E59C41BFA1D68009AC390 /* Assets.xcassets */ = {isa = PBXFileReference; lastKnownFileType = folder.assetcatalog; path = Assets.xcassets; sourceTree = "<group>"; };
		766E59C71BFA1D68009AC390 /* Base */ = {isa = PBXFileReference; lastKnownFileType = file.storyboard; name = Base; path = Base.lproj/LaunchScreen.storyboard; sourceTree = "<group>"; };
		766E59C91BFA1D68009AC390 /* Info.plist */ = {isa = PBXFileReference; lastKnownFileType = text.plist.xml; path = Info.plist; sourceTree = "<group>"; };
		766E59CE1BFA1D68009AC390 /* Web BrowserTests.xctest */ = {isa = PBXFileReference; explicitFileType = wrapper.cfbundle; includeInIndex = 0; path = "Web BrowserTests.xctest"; sourceTree = BUILT_PRODUCTS_DIR; };
		766E59D21BFA1D68009AC390 /* Web_BrowserTests.swift */ = {isa = PBXFileReference; lastKnownFileType = sourcecode.swift; path = Web_BrowserTests.swift; sourceTree = "<group>"; };
		766E59D41BFA1D68009AC390 /* Info.plist */ = {isa = PBXFileReference; lastKnownFileType = text.plist.xml; path = Info.plist; sourceTree = "<group>"; };
		766E59D91BFA1D68009AC390 /* Web BrowserUITests.xctest */ = {isa = PBXFileReference; explicitFileType = wrapper.cfbundle; includeInIndex = 0; path = "Web BrowserUITests.xctest"; sourceTree = BUILT_PRODUCTS_DIR; };
		766E59DD1BFA1D68009AC390 /* Web_BrowserUITests.swift */ = {isa = PBXFileReference; lastKnownFileType = sourcecode.swift; path = Web_BrowserUITests.swift; sourceTree = "<group>"; };
		766E59DF1BFA1D68009AC390 /* Info.plist */ = {isa = PBXFileReference; lastKnownFileType = text.plist.xml; path = Info.plist; sourceTree = "<group>"; };
/* End PBXFileReference section */

/* Begin PBXFrameworksBuildPhase section */
		766E59B71BFA1D68009AC390 /* Frameworks */ = {
			isa = PBXFrameworksBuildPhase;
			buildActionMask = 2147483647;
			files = (
			);
			runOnlyForDeploymentPostprocessing = 0;
		};
		766E59CB1BFA1D68009AC390 /* Frameworks */ = {
			isa = PBXFrameworksBuildPhase;
			buildActionMask = 2147483647;
			files = (
			);
			runOnlyForDeploymentPostprocessing = 0;
		};
		766E59D61BFA1D68009AC390 /* Frameworks */ = {
			isa = PBXFrameworksBuildPhase;
			buildActionMask = 2147483647;
			files = (
			);
			runOnlyForDeploymentPostprocessing = 0;
		};
/* End PBXFrameworksBuildPhase section */

/* Begin PBXGroup section */
		766E59B11BFA1D68009AC390 = {
			isa = PBXGroup;
			children = (
				766E59BC1BFA1D68009AC390 /* Web Browser */,
				766E59D11BFA1D68009AC390 /* Web BrowserTests */,
				766E59DC1BFA1D68009AC390 /* Web BrowserUITests */,
				766E59BB1BFA1D68009AC390 /* Products */,
			);
			sourceTree = "<group>";
		};
		766E59BB1BFA1D68009AC390 /* Products */ = {
			isa = PBXGroup;
			children = (
				766E59BA1BFA1D68009AC390 /* Web Browser.app */,
				766E59CE1BFA1D68009AC390 /* Web BrowserTests.xctest */,
				766E59D91BFA1D68009AC390 /* Web BrowserUITests.xctest */,
			);
			name = Products;
			sourceTree = "<group>";
		};
		766E59BC1BFA1D68009AC390 /* Web Browser */ = {
			isa = PBXGroup;
			children = (
				766E59BD1BFA1D68009AC390 /* AppDelegate.swift */,
				766E59BF1BFA1D68009AC390 /* ViewController.swift */,
				766E59C11BFA1D68009AC390 /* Main.storyboard */,
				766E59C41BFA1D68009AC390 /* Assets.xcassets */,
				766E59C61BFA1D68009AC390 /* LaunchScreen.storyboard */,
				766E59C91BFA1D68009AC390 /* Info.plist */,
			);
			path = "Web Browser";
			sourceTree = "<group>";
		};
		766E59D11BFA1D68009AC390 /* Web BrowserTests */ = {
			isa = PBXGroup;
			children = (
				766E59D21BFA1D68009AC390 /* Web_BrowserTests.swift */,
				766E59D41BFA1D68009AC390 /* Info.plist */,
			);
			path = "Web BrowserTests";
			sourceTree = "<group>";
		};
		766E59DC1BFA1D68009AC390 /* Web BrowserUITests */ = {
			isa = PBXGroup;
			children = (
				766E59DD1BFA1D68009AC390 /* Web_BrowserUITests.swift */,
				766E59DF1BFA1D68009AC390 /* Info.plist */,
			);
			path = "Web BrowserUITests";
			sourceTree = "<group>";
		};
/* End PBXGroup section */

/* Begin PBXNativeTarget section */
		766E59B91BFA1D68009AC390 /* Web Browser */ = {
			isa = PBXNativeTarget;
			buildConfigurationList = 766E59E21BFA1D68009AC390 /* Build configuration list for PBXNativeTarget "Web Browser" */;
			buildPhases = (
				766E59B61BFA1D68009AC390 /* Sources */,
				766E59B71BFA1D68009AC390 /* Frameworks */,
				766E59B81BFA1D68009AC390 /* Resources */,
			);
			buildRules = (
			);
			dependencies = (
			);
			name = "Web Browser";
			productName = "Web Browser";
			productReference = 766E59BA1BFA1D68009AC390 /* Web Browser.app */;
			productType = "com.apple.product-type.application";
		};
		766E59CD1BFA1D68009AC390 /* Web BrowserTests */ = {
			isa = PBXNativeTarget;
			buildConfigurationList = 766E59E51BFA1D68009AC390 /* Build configuration list for PBXNativeTarget "Web BrowserTests" */;
			buildPhases = (
				766E59CA1BFA1D68009AC390 /* Sources */,
				766E59CB1BFA1D68009AC390 /* Frameworks */,
				766E59CC1BFA1D68009AC390 /* Resources */,
			);
			buildRules = (
			);
			dependencies = (
				766E59D01BFA1D68009AC390 /* PBXTargetDependency */,
			);
			name = "Web BrowserTests";
			productName = "Web BrowserTests";
			productReference = 766E59CE1BFA1D68009AC390 /* Web BrowserTests.xctest */;
			productType = "com.apple.product-type.bundle.unit-test";
		};
		766E59D81BFA1D68009AC390 /* Web BrowserUITests */ = {
			isa = PBXNativeTarget;
			buildConfigurationList = 766E59E81BFA1D68009AC390 /* Build configuration list for PBXNativeTarget "Web BrowserUITests" */;
			buildPhases = (
				766E59D51BFA1D68009AC390 /* Sources */,
				766E59D61BFA1D68009AC390 /* Frameworks */,
				766E59D71BFA1D68009AC390 /* Resources */,
			);
			buildRules = (
			);
			dependencies = (
				766E59DB1BFA1D68009AC390 /* PBXTargetDependency */,
			);
			name = "Web BrowserUITests";
			productName = "Web BrowserUITests";
			productReference = 766E59D91BFA1D68009AC390 /* Web BrowserUITests.xctest */;
			productType = "com.apple.product-type.bundle.ui-testing";
		};
/* End PBXNativeTarget section */

/* Begin PBXProject section */
		766E59B21BFA1D68009AC390 /* Project object */ = {
			isa = PBXProject;
			attributes = {
				LastSwiftUpdateCheck = 0710;
				LastUpgradeCheck = 0710;
				ORGANIZATIONNAME = "michael adams";
				TargetAttributes = {
					766E59B91BFA1D68009AC390 = {
						CreatedOnToolsVersion = 7.1;
						DevelopmentTeam = PE35Z3V2Y5;
					};
					766E59CD1BFA1D68009AC390 = {
						CreatedOnToolsVersion = 7.1;
						DevelopmentTeam = PE35Z3V2Y5;
						TestTargetID = 766E59B91BFA1D68009AC390;
					};
					766E59D81BFA1D68009AC390 = {
						CreatedOnToolsVersion = 7.1;
						DevelopmentTeam = PE35Z3V2Y5;
						TestTargetID = 766E59B91BFA1D68009AC390;
					};
				};
			};
			buildConfigurationList = 766E59B51BFA1D68009AC390 /* Build configuration list for PBXProject "Web Browser" */;
			compatibilityVersion = "Xcode 3.2";
			developmentRegion = English;
			hasScannedForEncodings = 0;
			knownRegions = (
				en,
				Base,
			);
			mainGroup = 766E59B11BFA1D68009AC390;
			productRefGroup = 766E59BB1BFA1D68009AC390 /* Products */;
			projectDirPath = "";
			projectRoot = "";
			targets = (
				766E59B91BFA1D68009AC390 /* Web Browser */,
				766E59CD1BFA1D68009AC390 /* Web BrowserTests */,
				766E59D81BFA1D68009AC390 /* Web BrowserUITests */,
			);
		};
/* End PBXProject section */

/* Begin PBXResourcesBuildPhase section */
		766E59B81BFA1D68009AC390 /* Resources */ = {
			isa = PBXResourcesBuildPhase;
			buildActionMask = 2147483647;
			files = (
				766E59C81BFA1D68009AC390 /* LaunchScreen.storyboard in Resources */,
				766E59C51BFA1D68009AC390 /* Assets.xcassets in Resources */,
				766E59C31BFA1D68009AC390 /* Main.storyboard in Resources */,
			);
			runOnlyForDeploymentPostprocessing = 0;
		};
		766E59CC1BFA1D68009AC390 /* Resources */ = {
			isa = PBXResourcesBuildPhase;
			buildActionMask = 2147483647;
			files = (
			);
			runOnlyForDeploymentPostprocessing = 0;
		};
		766E59D71BFA1D68009AC390 /* Resources */ = {
			isa = PBXResourcesBuildPhase;
			buildActionMask = 2147483647;
			files = (
			);
			runOnlyForDeploymentPostprocessing = 0;
		};
/* End PBXResourcesBuildPhase section */

/* Begin PBXSourcesBuildPhase section */
		766E59B61BFA1D68009AC390 /* Sources */ = {
			isa = PBXSourcesBuildPhase;
			buildActionMask = 2147483647;
			files = (
				766E59C01BFA1D68009AC390 /* ViewController.swift in Sources */,
				766E59BE1BFA1D68009AC390 /* AppDelegate.swift in Sources */,
			);
			runOnlyForDeploymentPostprocessing = 0;
		};
		766E59CA1BFA1D68009AC390 /* Sources */ = {
			isa = PBXSourcesBuildPhase;
			buildActionMask = 2147483647;
			files = (
				766E59D31BFA1D68009AC390 /* Web_BrowserTests.swift in Sources */,
			);
			runOnlyForDeploymentPostprocessing = 0;
		};
		766E59D51BFA1D68009AC390 /* Sources */ = {
			isa = PBXSourcesBuildPhase;
			buildActionMask = 2147483647;
			files = (
				766E59DE1BFA1D68009AC390 /* Web_BrowserUITests.swift in Sources */,
			);
			runOnlyForDeploymentPostprocessing = 0;
		};
/* End PBXSourcesBuildPhase section */

/* Begin PBXTargetDependency section */
		766E59D01BFA1D68009AC390 /* PBXTargetDependency */ = {
			isa = PBXTargetDependency;
			target = 766E59B91BFA1D68009AC390 /* Web Browser */;
			targetProxy = 766E59CF1BFA1D68009AC390 /* PBXContainerItemProxy */;
		};
		766E59DB1BFA1D68009AC390 /* PBXTargetDependency */ = {
			isa = PBXTargetDependency;
			target = 766E59B91BFA1D68009AC390 /* Web Browser */;
			targetProxy = 766E59DA1BFA1D68009AC390 /* PBXContainerItemProxy */;
		};
/* End PBXTargetDependency section */

/* Begin PBXVariantGroup section */
		766E59C11BFA1D68009AC390 /* Main.storyboard */ = {
			isa = PBXVariantGroup;
			children = (
				766E59C21BFA1D68009AC390 /* Base */,
			);
			name = Main.storyboard;
			sourceTree = "<group>";
		};
		766E59C61BFA1D68009AC390 /* LaunchScreen.storyboard */ = {
			isa = PBXVariantGroup;
			children = (
				766E59C71BFA1D68009AC390 /* Base */,
			);
			name = LaunchScreen.storyboard;
			sourceTree = "<group>";
		};
/* End PBXVariantGroup section */

/* Begin XCBuildConfiguration section */
		766E59E01BFA1D68009AC390 /* Debug */ = {
			isa = XCBuildConfiguration;
			buildSettings = {
				ALWAYS_SEARCH_USER_PATHS = NO;
				CLANG_CXX_LANGUAGE_STANDARD = "gnu++0x";
				CLANG_CXX_LIBRARY = "libc++";
				CLANG_ENABLE_MODULES = YES;
				CLANG_ENABLE_OBJC_ARC = YES;
				CLANG_WARN_BOOL_CONVERSION = YES;
				CLANG_WARN_CONSTANT_CONVERSION = YES;
				CLANG_WARN_DIRECT_OBJC_ISA_USAGE = YES_ERROR;
				CLANG_WARN_EMPTY_BODY = YES;
				CLANG_WARN_ENUM_CONVERSION = YES;
				CLANG_WARN_INT_CONVERSION = YES;
				CLANG_WARN_OBJC_ROOT_CLASS = YES_ERROR;
				CLANG_WARN_UNREACHABLE_CODE = YES;
				CLANG_WARN__DUPLICATE_METHOD_MATCH = YES;
				"CODE_SIGN_IDENTITY[sdk=iphoneos*]" = "iPhone Developer";
				COPY_PHASE_STRIP = NO;
				DEBUG_INFORMATION_FORMAT = dwarf;
				ENABLE_STRICT_OBJC_MSGSEND = YES;
				ENABLE_TESTABILITY = YES;
				GCC_C_LANGUAGE_STANDARD = gnu99;
				GCC_DYNAMIC_NO_PIC = NO;
				GCC_NO_COMMON_BLOCKS = YES;
				GCC_OPTIMIZATION_LEVEL = 0;
				GCC_PREPROCESSOR_DEFINITIONS = (
					"DEBUG=1",
					"$(inherited)",
				);
				GCC_WARN_64_TO_32_BIT_CONVERSION = YES;
				GCC_WARN_ABOUT_RETURN_TYPE = YES_ERROR;
				GCC_WARN_UNDECLARED_SELECTOR = YES;
				GCC_WARN_UNINITIALIZED_AUTOS = YES_AGGRESSIVE;
				GCC_WARN_UNUSED_FUNCTION = YES;
				GCC_WARN_UNUSED_VARIABLE = YES;
				IPHONEOS_DEPLOYMENT_TARGET = 9.1;
				MTL_ENABLE_DEBUG_INFO = YES;
				ONLY_ACTIVE_ARCH = YES;
				SDKROOT = iphoneos;
				SWIFT_OPTIMIZATION_LEVEL = "-Onone";
			};
			name = Debug;
		};
		766E59E11BFA1D68009AC390 /* Release */ = {
			isa = XCBuildConfiguration;
			buildSettings = {
				ALWAYS_SEARCH_USER_PATHS = NO;
				CLANG_CXX_LANGUAGE_STANDARD = "gnu++0x";
				CLANG_CXX_LIBRARY = "libc++";
				CLANG_ENABLE_MODULES = YES;
				CLANG_ENABLE_OBJC_ARC = YES;
				CLANG_WARN_BOOL_CONVERSION = YES;
				CLANG_WARN_CONSTANT_CONVERSION = YES;
				CLANG_WARN_DIRECT_OBJC_ISA_USAGE = YES_ERROR;
				CLANG_WARN_EMPTY_BODY = YES;
				CLANG_WARN_ENUM_CONVERSION = YES;
				CLANG_WARN_INT_CONVERSION = YES;
				CLANG_WARN_OBJC_ROOT_CLASS = YES_ERROR;
				CLANG_WARN_UNREACHABLE_CODE = YES;
				CLANG_WARN__DUPLICATE_METHOD_MATCH = YES;
				"CODE_SIGN_IDENTITY[sdk=iphoneos*]" = "iPhone Developer";
				COPY_PHASE_STRIP = NO;
				DEBUG_INFORMATION_FORMAT = "dwarf-with-dsym";
				ENABLE_NS_ASSERTIONS = NO;
				ENABLE_STRICT_OBJC_MSGSEND = YES;
				GCC_C_LANGUAGE_STANDARD = gnu99;
				GCC_NO_COMMON_BLOCKS = YES;
				GCC_WARN_64_TO_32_BIT_CONVERSION = YES;
				GCC_WARN_ABOUT_RETURN_TYPE = YES_ERROR;
				GCC_WARN_UNDECLARED_SELECTOR = YES;
				GCC_WARN_UNINITIALIZED_AUTOS = YES_AGGRESSIVE;
				GCC_WARN_UNUSED_FUNCTION = YES;
				GCC_WARN_UNUSED_VARIABLE = YES;
				IPHONEOS_DEPLOYMENT_TARGET = 9.1;
				MTL_ENABLE_DEBUG_INFO = NO;
				SDKROOT = iphoneos;
				VALIDATE_PRODUCT = YES;
			};
			name = Release;
		};
		766E59E31BFA1D68009AC390 /* Debug */ = {
			isa = XCBuildConfiguration;
			buildSettings = {
				ASSETCATALOG_COMPILER_APPICON_NAME = AppIcon;
				INFOPLIST_FILE = "Web Browser/Info.plist";
				LD_RUNPATH_SEARCH_PATHS = "$(inherited) @executable_path/Frameworks";
				PRODUCT_BUNDLE_IDENTIFIER = "com.michael-adams.Web-Browser";
				PRODUCT_NAME = "$(TARGET_NAME)";
			};
			name = Debug;
		};
		766E59E41BFA1D68009AC390 /* Release */ = {
			isa = XCBuildConfiguration;
			buildSettings = {
				ASSETCATALOG_COMPILER_APPICON_NAME = AppIcon;
				INFOPLIST_FILE = "Web Browser/Info.plist";
				LD_RUNPATH_SEARCH_PATHS = "$(inherited) @executable_path/Frameworks";
				PRODUCT_BUNDLE_IDENTIFIER = "com.michael-adams.Web-Browser";
				PRODUCT_NAME = "$(TARGET_NAME)";
			};
			name = Release;
		};
		766E59E61BFA1D68009AC390 /* Debug */ = {
			isa = XCBuildConfiguration;
			buildSettings = {
				BUNDLE_LOADER = "$(TEST_HOST)";
				INFOPLIST_FILE = "Web BrowserTests/Info.plist";
				LD_RUNPATH_SEARCH_PATHS = "$(inherited) @executable_path/Frameworks @loader_path/Frameworks";
				PRODUCT_BUNDLE_IDENTIFIER = "com.michael-adams.Web-BrowserTests";
				PRODUCT_NAME = "$(TARGET_NAME)";
				TEST_HOST = "$(BUILT_PRODUCTS_DIR)/Web Browser.app/Web Browser";
			};
			name = Debug;
		};
		766E59E71BFA1D68009AC390 /* Release */ = {
			isa = XCBuildConfiguration;
			buildSettings = {
				BUNDLE_LOADER = "$(TEST_HOST)";
				INFOPLIST_FILE = "Web BrowserTests/Info.plist";
				LD_RUNPATH_SEARCH_PATHS = "$(inherited) @executable_path/Frameworks @loader_path/Frameworks";
				PRODUCT_BUNDLE_IDENTIFIER = "com.michael-adams.Web-BrowserTests";
				PRODUCT_NAME = "$(TARGET_NAME)";
				TEST_HOST = "$(BUILT_PRODUCTS_DIR)/Web Browser.app/Web Browser";
			};
			name = Release;
		};
		766E59E91BFA1D68009AC390 /* Debug */ = {
			isa = XCBuildConfiguration;
			buildSettings = {
				INFOPLIST_FILE = "Web BrowserUITests/Info.plist";
				LD_RUNPATH_SEARCH_PATHS = "$(inherited) @executable_path/Frameworks @loader_path/Frameworks";
				PRODUCT_BUNDLE_IDENTIFIER = "com.michael-adams.Web-BrowserUITests";
				PRODUCT_NAME = "$(TARGET_NAME)";
				TEST_TARGET_NAME = "Web Browser";
				USES_XCTRUNNER = YES;
			};
			name = Debug;
		};
		766E59EA1BFA1D68009AC390 /* Release */ = {
			isa = XCBuildConfiguration;
			buildSettings = {
				INFOPLIST_FILE = "Web BrowserUITests/Info.plist";
				LD_RUNPATH_SEARCH_PATHS = "$(inherited) @executable_path/Frameworks @loader_path/Frameworks";
				PRODUCT_BUNDLE_IDENTIFIER = "com.michael-adams.Web-BrowserUITests";
				PRODUCT_NAME = "$(TARGET_NAME)";
				TEST_TARGET_NAME = "Web Browser";
				USES_XCTRUNNER = YES;
			};
			name = Release;
		};
/* End XCBuildConfiguration section */

/* Begin XCConfigurationList section */
		766E59B51BFA1D68009AC390 /* Build configuration list for PBXProject "Web Browser" */ = {
			isa = XCConfigurationList;
			buildConfigurations = (
				766E59E01BFA1D68009AC390 /* Debug */,
				766E59E11BFA1D68009AC390 /* Release */,
			);
			defaultConfigurationIsVisible = 0;
			defaultConfigurationName = Release;
		};
		766E59E21BFA1D68009AC390 /* Build configuration list for PBXNativeTarget "Web Browser" */ = {
			isa = XCConfigurationList;
			buildConfigurations = (
				766E59E31BFA1D68009AC390 /* Debug */,
				766E59E41BFA1D68009AC390 /* Release */,
			);
			defaultConfigurationIsVisible = 0;
		};
		766E59E51BFA1D68009AC390 /* Build configuration list for PBXNativeTarget "Web BrowserTests" */ = {
			isa = XCConfigurationList;
			buildConfigurations = (
				766E59E61BFA1D68009AC390 /* Debug */,
				766E59E71BFA1D68009AC390 /* Release */,
			);
			defaultConfigurationIsVisible = 0;
		};
		766E59E81BFA1D68009AC390 /* Build configuration list for PBXNativeTarget "Web BrowserUITests" */ = {
			isa = XCConfigurationList;
			buildConfigurations = (
				766E59E91BFA1D68009AC390 /* Debug */,
				766E59EA1BFA1D68009AC390 /* Release */,
			);
			defaultConfigurationIsVisible = 0;
		};
/* End XCConfigurationList section */
	};
	rootObject = 766E59B21BFA1D68009AC390 /* Project object */;
}
